
Microsoft Visual Studio Solution File, Format Version 12.00
# Visual Studio Version 16
VisualStudioVersion = 16.0.30907.101
MinimumVisualStudioVersion = 10.0.40219.1
Project("{2150E333-8FDC-42A3-9474-1A3956D46DE8}") = "ClnArc.Application", "ClnArc.Application", "{8736940F-2D05-4C4E-B854-D0DF006405C4}"
EndProject
Project("{2150E333-8FDC-42A3-9474-1A3956D46DE8}") = "ClnArc.Domain", "ClnArc.Domain", "{1F729E0F-8B1F-4D92-99C6-D80435156EBE}"
EndProject
Project("{2150E333-8FDC-42A3-9474-1A3956D46DE8}") = "ClnArc.Infra.IoC", "ClnArc.Infra.IoC", "{50DB6CF9-E264-44A0-A63C-95F5F0895EF5}"
EndProject
Project("{2150E333-8FDC-42A3-9474-1A3956D46DE8}") = "ClnArc.Infra.Data", "ClnArc.Infra.Data", "{5E8B6DE7-9124-4AE0-A4BD-47CEF26FA1E2}"
EndProject
Project("{2150E333-8FDC-42A3-9474-1A3956D46DE8}") = "ClnArc.UI.Mvc", "ClnArc.UI.Mvc", "{22A48AE6-6CA8-437E-9509-D7FC48FC69BB}"
EndProject
Global
	GlobalSection(SolutionProperties) = preSolution
		HideSolutionNode = FALSE
	EndGlobalSection
	GlobalSection(ExtensibilityGlobals) = postSolution
		SolutionGuid = {F164BFBA-86C5-4A1B-ABEE-CB3979B7A55F}
	EndGlobalSection
EndGlobal
